// !$*UTF8*$!
{
	archiveVersion = 1;
	classes = {
	};
	objectVersion = 48;
	objects = {

/* Begin PBXBuildFile section */
		223E34F61F885A2000DC6FF9 /* AppDelegate.m in Sources */ = {isa = PBXBuildFile; fileRef = 223E34F51F885A2000DC6FF9 /* AppDelegate.m */; };
		223E34F91F885A2000DC6FF9 /* ViewController.m in Sources */ = {isa = PBXBuildFile; fileRef = 223E34F81F885A2000DC6FF9 /* ViewController.m */; };
		223E34FC1F885A2000DC6FF9 /* Main.storyboard in Resources */ = {isa = PBXBuildFile; fileRef = 223E34FA1F885A2000DC6FF9 /* Main.storyboard */; };
		223E34FE1F885A2000DC6FF9 /* Assets.xcassets in Resources */ = {isa = PBXBuildFile; fileRef = 223E34FD1F885A2000DC6FF9 /* Assets.xcassets */; };
		223E35011F885A2000DC6FF9 /* LaunchScreen.storyboard in Resources */ = {isa = PBXBuildFile; fileRef = 223E34FF1F885A2000DC6FF9 /* LaunchScreen.storyboard */; };
		223E35041F885A2000DC6FF9 /* main.m in Sources */ = {isa = PBXBuildFile; fileRef = 223E35031F885A2000DC6FF9 /* main.m */; };
		223E350E1F885A2000DC6FF9 /* SumTests.m in Sources */ = {isa = PBXBuildFile; fileRef = 223E350D1F885A2000DC6FF9 /* SumTests.m */; };
/* End PBXBuildFile section */

/* Begin PBXContainerItemProxy section */
		223E350A1F885A2000DC6FF9 /* PBXContainerItemProxy */ = {
			isa = PBXContainerItemProxy;
			containerPortal = 223E34E91F885A2000DC6FF9 /* Project object */;
			proxyType = 1;
			remoteGlobalIDString = 223E34F01F885A2000DC6FF9;
			remoteInfo = Sum;
		};
/* End PBXContainerItemProxy section */

/* Begin PBXFileReference section */
		223E34F11F885A2000DC6FF9 /* Sum.app */ = {isa = PBXFileReference; explicitFileType = wrapper.application; includeInIndex = 0; path = Sum.app; sourceTree = BUILT_PRODUCTS_DIR; };
		223E34F41F885A2000DC6FF9 /* AppDelegate.h */ = {isa = PBXFileReference; lastKnownFileType = sourcecode.c.h; path = AppDelegate.h; sourceTree = "<group>"; };
		223E34F51F885A2000DC6FF9 /* AppDelegate.m */ = {isa = PBXFileReference; lastKnownFileType = sourcecode.c.objc; path = AppDelegate.m; sourceTree = "<group>"; };
		223E34F71F885A2000DC6FF9 /* ViewController.h */ = {isa = PBXFileReference; lastKnownFileType = sourcecode.c.h; path = ViewController.h; sourceTree = "<group>"; };
		223E34F81F885A2000DC6FF9 /* ViewController.m */ = {isa = PBXFileReference; lastKnownFileType = sourcecode.c.objc; path = ViewController.m; sourceTree = "<group>"; };
		223E34FB1F885A2000DC6FF9 /* Base */ = {isa = PBXFileReference; lastKnownFileType = file.storyboard; name = Base; path = Base.lproj/Main.storyboard; sourceTree = "<group>"; };
		223E34FD1F885A2000DC6FF9 /* Assets.xcassets */ = {isa = PBXFileReference; lastKnownFileType = folder.assetcatalog; path = Assets.xcassets; sourceTree = "<group>"; };
		223E35001F885A2000DC6FF9 /* Base */ = {isa = PBXFileReference; lastKnownFileType = file.storyboard; name = Base; path = Base.lproj/LaunchScreen.storyboard; sourceTree = "<group>"; };
		223E35021F885A2000DC6FF9 /* Info.plist */ = {isa = PBXFileReference; lastKnownFileType = text.plist.xml; path = Info.plist; sourceTree = "<group>"; };
		223E35031F885A2000DC6FF9 /* main.m */ = {isa = PBXFileReference; lastKnownFileType = sourcecode.c.objc; path = main.m; sourceTree = "<group>"; };
		223E35091F885A2000DC6FF9 /* SumTests.xctest */ = {isa = PBXFileReference; explicitFileType = wrapper.cfbundle; includeInIndex = 0; path = SumTests.xctest; sourceTree = BUILT_PRODUCTS_DIR; };
		223E350D1F885A2000DC6FF9 /* SumTests.m */ = {isa = PBXFileReference; lastKnownFileType = sourcecode.c.objc; path = SumTests.m; sourceTree = "<group>"; };
		223E350F1F885A2000DC6FF9 /* Info.plist */ = {isa = PBXFileReference; lastKnownFileType = text.plist.xml; path = Info.plist; sourceTree = "<group>"; };
/* End PBXFileReference section */

/* Begin PBXFrameworksBuildPhase section */
		223E34EE1F885A2000DC6FF9 /* Frameworks */ = {
			isa = PBXFrameworksBuildPhase;
			buildActionMask = 2147483647;
			files = (
			);
			runOnlyForDeploymentPostprocessing = 0;
		};
		223E35061F885A2000DC6FF9 /* Frameworks */ = {
			isa = PBXFrameworksBuildPhase;
			buildActionMask = 2147483647;
			files = (
			);
			runOnlyForDeploymentPostprocessing = 0;
		};
/* End PBXFrameworksBuildPhase section */

/* Begin PBXGroup section */
		223E34E81F885A2000DC6FF9 = {
			isa = PBXGroup;
			children = (
				223E34F31F885A2000DC6FF9 /* Sum */,
				223E350C1F885A2000DC6FF9 /* SumTests */,
				223E34F21F885A2000DC6FF9 /* Products */,
			);
			sourceTree = "<group>";
		};
		223E34F21F885A2000DC6FF9 /* Products */ = {
			isa = PBXGroup;
			children = (
				223E34F11F885A2000DC6FF9 /* Sum.app */,
				223E35091F885A2000DC6FF9 /* SumTests.xctest */,
			);
			name = Products;
			sourceTree = "<group>";
		};
		223E34F31F885A2000DC6FF9 /* Sum */ = {
			isa = PBXGroup;
			children = (
				223E34F41F885A2000DC6FF9 /* AppDelegate.h */,
				223E34F51F885A2000DC6FF9 /* AppDelegate.m */,
				223E34F71F885A2000DC6FF9 /* ViewController.h */,
				223E34F81F885A2000DC6FF9 /* ViewController.m */,
				223E34FA1F885A2000DC6FF9 /* Main.storyboard */,
				223E34FD1F885A2000DC6FF9 /* Assets.xcassets */,
				223E34FF1F885A2000DC6FF9 /* LaunchScreen.storyboard */,
				223E35021F885A2000DC6FF9 /* Info.plist */,
				223E35031F885A2000DC6FF9 /* main.m */,
			);
			path = Sum;
			sourceTree = "<group>";
		};
		223E350C1F885A2000DC6FF9 /* SumTests */ = {
			isa = PBXGroup;
			children = (
				223E350D1F885A2000DC6FF9 /* SumTests.m */,
				223E350F1F885A2000DC6FF9 /* Info.plist */,
			);
			path = SumTests;
			sourceTree = "<group>";
		};
/* End PBXGroup section */

/* Begin PBXNativeTarget section */
		223E34F01F885A2000DC6FF9 /* Sum */ = {
			isa = PBXNativeTarget;
			buildConfigurationList = 223E35121F885A2000DC6FF9 /* Build configuration list for PBXNativeTarget "Sum" */;
			buildPhases = (
				223E34ED1F885A2000DC6FF9 /* Sources */,
				223E34EE1F885A2000DC6FF9 /* Frameworks */,
				223E34EF1F885A2000DC6FF9 /* Resources */,
			);
			buildRules = (
			);
			dependencies = (
			);
			name = Sum;
			productName = Sum;
			productReference = 223E34F11F885A2000DC6FF9 /* Sum.app */;
			productType = "com.apple.product-type.application";
		};
		223E35081F885A2000DC6FF9 /* SumTests */ = {
			isa = PBXNativeTarget;
			buildConfigurationList = 223E35151F885A2000DC6FF9 /* Build configuration list for PBXNativeTarget "SumTests" */;
			buildPhases = (
				223E35051F885A2000DC6FF9 /* Sources */,
				223E35061F885A2000DC6FF9 /* Frameworks */,
				223E35071F885A2000DC6FF9 /* Resources */,
			);
			buildRules = (
			);
			dependencies = (
				223E350B1F885A2000DC6FF9 /* PBXTargetDependency */,
			);
			name = SumTests;
			productName = SumTests;
			productReference = 223E35091F885A2000DC6FF9 /* SumTests.xctest */;
			productType = "com.apple.product-type.bundle.unit-test";
		};
/* End PBXNativeTarget section */

/* Begin PBXProject section */
		223E34E91F885A2000DC6FF9 /* Project object */ = {
			isa = PBXProject;
			attributes = {
				LastUpgradeCheck = 0900;
				ORGANIZATIONNAME = "Sam Meech-Ward";
				TargetAttributes = {
					223E34F01F885A2000DC6FF9 = {
						CreatedOnToolsVersion = 9.0;
						ProvisioningStyle = Automatic;
					};
					223E35081F885A2000DC6FF9 = {
						CreatedOnToolsVersion = 9.0;
						ProvisioningStyle = Automatic;
						TestTargetID = 223E34F01F885A2000DC6FF9;
					};
				};
			};
			buildConfigurationList = 223E34EC1F885A2000DC6FF9 /* Build configuration list for PBXProject "Sum" */;
			compatibilityVersion = "Xcode 8.0";
			developmentRegion = en;
			hasScannedForEncodings = 0;
			knownRegions = (
				en,
				Base,
			);
			mainGroup = 223E34E81F885A2000DC6FF9;
			productRefGroup = 223E34F21F885A2000DC6FF9 /* Products */;
			projectDirPath = "";
			projectRoot = "";
			targets = (
				223E34F01F885A2000DC6FF9 /* Sum */,
				223E35081F885A2000DC6FF9 /* SumTests */,
			);
		};
/* End PBXProject section */

/* Begin PBXResourcesBuildPhase section */
		223E34EF1F885A2000DC6FF9 /* Resources */ = {
			isa = PBXResourcesBuildPhase;
			buildActionMask = 2147483647;
			files = (
				223E35011F885A2000DC6FF9 /* LaunchScreen.storyboard in Resources */,
				223E34FE1F885A2000DC6FF9 /* Assets.xcassets in Resources */,
				223E34FC1F885A2000DC6FF9 /* Main.storyboard in Resources */,
			);
			runOnlyForDeploymentPostprocessing = 0;
		};
		223E35071F885A2000DC6FF9 /* Resources */ = {
			isa = PBXResourcesBuildPhase;
			buildActionMask = 2147483647;
			files = (
			);
			runOnlyForDeploymentPostprocessing = 0;
		};
/* End PBXResourcesBuildPhase section */

/* Begin PBXSourcesBuildPhase section */
		223E34ED1F885A2000DC6FF9 /* Sources */ = {
			isa = PBXSourcesBuildPhase;
			buildActionMask = 2147483647;
			files = (
				223E34F91F885A2000DC6FF9 /* ViewController.m in Sources */,
				223E35041F885A2000DC6FF9 /* main.m in Sources */,
				223E34F61F885A2000DC6FF9 /* AppDelegate.m in Sources */,
			);
			runOnlyForDeploymentPostprocessing = 0;
		};
		223E35051F885A2000DC6FF9 /* Sources */ = {
			isa = PBXSourcesBuildPhase;
			buildActionMask = 2147483647;
			files = (
				223E350E1F885A2000DC6FF9 /* SumTests.m in Sources */,
			);
			runOnlyForDeploymentPostprocessing = 0;
		};
/* End PBXSourcesBuildPhase section */

/* Begin PBXTargetDependency section */
		223E350B1F885A2000DC6FF9 /* PBXTargetDependency */ = {
			isa = PBXTargetDependency;
			target = 223E34F01F885A2000DC6FF9 /* Sum */;
			targetProxy = 223E350A1F885A2000DC6FF9 /* PBXContainerItemProxy */;
		};
/* End PBXTargetDependency section */

/* Begin PBXVariantGroup section */
		223E34FA1F885A2000DC6FF9 /* Main.storyboard */ = {
			isa = PBXVariantGroup;
			children = (
				223E34FB1F885A2000DC6FF9 /* Base */,
			);
			name = Main.storyboard;
			sourceTree = "<group>";
		};
		223E34FF1F885A2000DC6FF9 /* LaunchScreen.storyboard */ = {
			isa = PBXVariantGroup;
			children = (
				223E35001F885A2000DC6FF9 /* Base */,
			);
			name = LaunchScreen.storyboard;
			sourceTree = "<group>";
		};
/* End PBXVariantGroup section */

/* Begin XCBuildConfiguration section */
		223E35101F885A2000DC6FF9 /* Debug */ = {
			isa = XCBuildConfiguration;
			buildSettings = {
				ALWAYS_SEARCH_USER_PATHS = NO;
				CLANG_ANALYZER_NONNULL = YES;
				CLANG_ANALYZER_NUMBER_OBJECT_CONVERSION = YES_AGGRESSIVE;
				CLANG_CXX_LANGUAGE_STANDARD = "gnu++14";
				CLANG_CXX_LIBRARY = "libc++";
				CLANG_ENABLE_MODULES = YES;
				CLANG_ENABLE_OBJC_ARC = YES;
				CLANG_WARN_BLOCK_CAPTURE_AUTORELEASING = YES;
				CLANG_WARN_BOOL_CONVERSION = YES;
				CLANG_WARN_COMMA = YES;
				CLANG_WARN_CONSTANT_CONVERSION = YES;
				CLANG_WARN_DIRECT_OBJC_ISA_USAGE = YES_ERROR;
				CLANG_WARN_DOCUMENTATION_COMMENTS = YES;
				CLANG_WARN_EMPTY_BODY = YES;
				CLANG_WARN_ENUM_CONVERSION = YES;
				CLANG_WARN_INFINITE_RECURSION = YES;
				CLANG_WARN_INT_CONVERSION = YES;
				CLANG_WARN_NON_LITERAL_NULL_CONVERSION = YES;
				CLANG_WARN_OBJC_LITERAL_CONVERSION = YES;
				CLANG_WARN_OBJC_ROOT_CLASS = YES_ERROR;
				CLANG_WARN_RANGE_LOOP_ANALYSIS = YES;
				CLANG_WARN_STRICT_PROTOTYPES = YES;
				CLANG_WARN_SUSPICIOUS_MOVE = YES;
				CLANG_WARN_UNGUARDED_AVAILABILITY = YES_AGGRESSIVE;
				CLANG_WARN_UNREACHABLE_CODE = YES;
				CLANG_WARN__DUPLICATE_METHOD_MATCH = YES;
				CODE_SIGN_IDENTITY = "iPhone Developer";
				COPY_PHASE_STRIP = NO;
				DEBUG_INFORMATION_FORMAT = dwarf;
				ENABLE_STRICT_OBJC_MSGSEND = YES;
				ENABLE_TESTABILITY = YES;
				GCC_C_LANGUAGE_STANDARD = gnu11;
				GCC_DYNAMIC_NO_PIC = NO;
				GCC_NO_COMMON_BLOCKS = YES;
				GCC_OPTIMIZATION_LEVEL = 0;
				GCC_PREPROCESSOR_DEFINITIONS = (
					"DEBUG=1",
					"$(inherited)",
				);
				GCC_WARN_64_TO_32_BIT_CONVERSION = YES;
				GCC_WARN_ABOUT_RETURN_TYPE = YES_ERROR;
				GCC_WARN_UNDECLARED_SELECTOR = YES;
				GCC_WARN_UNINITIALIZED_AUTOS = YES_AGGRESSIVE;
				GCC_WARN_UNUSED_FUNCTION = YES;
				GCC_WARN_UNUSED_VARIABLE = YES;
				IPHONEOS_DEPLOYMENT_TARGET = 11.0;
				MTL_ENABLE_DEBUG_INFO = YES;
				ONLY_ACTIVE_ARCH = YES;
				SDKROOT = iphoneos;
			};
			name = Debug;
		};
		223E35111F885A2000DC6FF9 /* Release */ = {
			isa = XCBuildConfiguration;
			buildSettings = {
				ALWAYS_SEARCH_USER_PATHS = NO;
				CLANG_ANALYZER_NONNULL = YES;
				CLANG_ANALYZER_NUMBER_OBJECT_CONVERSION = YES_AGGRESSIVE;
				CLANG_CXX_LANGUAGE_STANDARD = "gnu++14";
				CLANG_CXX_LIBRARY = "libc++";
				CLANG_ENABLE_MODULES = YES;
				CLANG_ENABLE_OBJC_ARC = YES;
				CLANG_WARN_BLOCK_CAPTURE_AUTORELEASING = YES;
				CLANG_WARN_BOOL_CONVERSION = YES;
				CLANG_WARN_COMMA = YES;
				CLANG_WARN_CONSTANT_CONVERSION = YES;
				CLANG_WARN_DIRECT_OBJC_ISA_USAGE = YES_ERROR;
				CLANG_WARN_DOCUMENTATION_COMMENTS = YES;
				CLANG_WARN_EMPTY_BODY = YES;
				CLANG_WARN_ENUM_CONVERSION = YES;
				CLANG_WARN_INFINITE_RECURSION = YES;
				CLANG_WARN_INT_CONVERSION = YES;
				CLANG_WARN_NON_LITERAL_NULL_CONVERSION = YES;
				CLANG_WARN_OBJC_LITERAL_CONVERSION = YES;
				CLANG_WARN_OBJC_ROOT_CLASS = YES_ERROR;
				CLANG_WARN_RANGE_LOOP_ANALYSIS = YES;
				CLANG_WARN_STRICT_PROTOTYPES = YES;
				CLANG_WARN_SUSPICIOUS_MOVE = YES;
				CLANG_WARN_UNGUARDED_AVAILABILITY = YES_AGGRESSIVE;
				CLANG_WARN_UNREACHABLE_CODE = YES;
				CLANG_WARN__DUPLICATE_METHOD_MATCH = YES;
				CODE_SIGN_IDENTITY = "iPhone Developer";
				COPY_PHASE_STRIP = NO;
				DEBUG_INFORMATION_FORMAT = "dwarf-with-dsym";
				ENABLE_NS_ASSERTIONS = NO;
				ENABLE_STRICT_OBJC_MSGSEND = YES;
				GCC_C_LANGUAGE_STANDARD = gnu11;
				GCC_NO_COMMON_BLOCKS = YES;
				GCC_WARN_64_TO_32_BIT_CONVERSION = YES;
				GCC_WARN_ABOUT_RETURN_TYPE = YES_ERROR;
				GCC_WARN_UNDECLARED_SELECTOR = YES;
				GCC_WARN_UNINITIALIZED_AUTOS = YES_AGGRESSIVE;
				GCC_WARN_UNUSED_FUNCTION = YES;
				GCC_WARN_UNUSED_VARIABLE = YES;
				IPHONEOS_DEPLOYMENT_TARGET = 11.0;
				MTL_ENABLE_DEBUG_INFO = NO;
				SDKROOT = iphoneos;
				VALIDATE_PRODUCT = YES;
			};
			name = Release;
		};
		223E35131F885A2000DC6FF9 /* Debug */ = {
			isa = XCBuildConfiguration;
			buildSettings = {
				ASSETCATALOG_COMPILER_APPICON_NAME = AppIcon;
				CODE_SIGN_STYLE = Automatic;
				INFOPLIST_FILE = Sum/Info.plist;
				LD_RUNPATH_SEARCH_PATHS = "$(inherited) @executable_path/Frameworks";
				PRODUCT_BUNDLE_IDENTIFIER = "com.meech-ward.test.Sum";
				PRODUCT_NAME = "$(TARGET_NAME)";
				TARGETED_DEVICE_FAMILY = "1,2";
			};
			name = Debug;
		};
		223E35141F885A2000DC6FF9 /* Release */ = {
			isa = XCBuildConfiguration;
			buildSettings = {
				ASSETCATALOG_COMPILER_APPICON_NAME = AppIcon;
				CODE_SIGN_STYLE = Automatic;
				INFOPLIST_FILE = Sum/Info.plist;
				LD_RUNPATH_SEARCH_PATHS = "$(inherited) @executable_path/Frameworks";
				PRODUCT_BUNDLE_IDENTIFIER = "com.meech-ward.test.Sum";
				PRODUCT_NAME = "$(TARGET_NAME)";
				TARGETED_DEVICE_FAMILY = "1,2";
			};
			name = Release;
		};
		223E35161F885A2000DC6FF9 /* Debug */ = {
			isa = XCBuildConfiguration;
			buildSettings = {
				BUNDLE_LOADER = "$(TEST_HOST)";
				CODE_SIGN_STYLE = Automatic;
				INFOPLIST_FILE = SumTests/Info.plist;
				LD_RUNPATH_SEARCH_PATHS = "$(inherited) @executable_path/Frameworks @loader_path/Frameworks";
				PRODUCT_BUNDLE_IDENTIFIER = "com.meech-ward.test.SumTests";
				PRODUCT_NAME = "$(TARGET_NAME)";
				TARGETED_DEVICE_FAMILY = "1,2";
				TEST_HOST = "$(BUILT_PRODUCTS_DIR)/Sum.app/Sum";
			};
			name = Debug;
		};
		223E35171F885A2000DC6FF9 /* Release */ = {
			isa = XCBuildConfiguration;
			buildSettings = {
				BUNDLE_LOADER = "$(TEST_HOST)";
				CODE_SIGN_STYLE = Automatic;
				INFOPLIST_FILE = SumTests/Info.plist;
				LD_RUNPATH_SEARCH_PATHS = "$(inherited) @executable_path/Frameworks @loader_path/Frameworks";
				PRODUCT_BUNDLE_IDENTIFIER = "com.meech-ward.test.SumTests";
				PRODUCT_NAME = "$(TARGET_NAME)";
				TARGETED_DEVICE_FAMILY = "1,2";
				TEST_HOST = "$(BUILT_PRODUCTS_DIR)/Sum.app/Sum";
			};
			name = Release;
		};
/* End XCBuildConfiguration section */

/* Begin XCConfigurationList section */
		223E34EC1F885A2000DC6FF9 /* Build configuration list for PBXProject "Sum" */ = {
			isa = XCConfigurationList;
			buildConfigurations = (
				223E35101F885A2000DC6FF9 /* Debug */,
				223E35111F885A2000DC6FF9 /* Release */,
			);
			defaultConfigurationIsVisible = 0;
			defaultConfigurationName = Release;
		};
		223E35121F885A2000DC6FF9 /* Build configuration list for PBXNativeTarget "Sum" */ = {
			isa = XCConfigurationList;
			buildConfigurations = (
				223E35131F885A2000DC6FF9 /* Debug */,
				223E35141F885A2000DC6FF9 /* Release */,
			);
			defaultConfigurationIsVisible = 0;
			defaultConfigurationName = Release;
		};
		223E35151F885A2000DC6FF9 /* Build configuration list for PBXNativeTarget "SumTests" */ = {
			isa = XCConfigurationList;
			buildConfigurations = (
				223E35161F885A2000DC6FF9 /* Debug */,
				223E35171F885A2000DC6FF9 /* Release */,
			);
			defaultConfigurationIsVisible = 0;
			defaultConfigurationName = Release;
		};
/* End XCConfigurationList section */
	};
	rootObject = 223E34E91F885A2000DC6FF9 /* Project object */;
}
